// !$*UTF8*$!
{
	archiveVersion = 1;
	classes = {
	};
	objectVersion = 46;
	objects = {

/* Begin PBXBuildFile section */
		C6BC63AA1ECDC49E0021F509 /* AppDelegate.swift in Sources */ = {isa = PBXBuildFile; fileRef = C6BC63A91ECDC49E0021F509 /* AppDelegate.swift */; };
		C6BC63AC1ECDC49E0021F509 /* ViewController.swift in Sources */ = {isa = PBXBuildFile; fileRef = C6BC63AB1ECDC49E0021F509 /* ViewController.swift */; };
		C6BC63AF1ECDC49E0021F509 /* Main.storyboard in Resources */ = {isa = PBXBuildFile; fileRef = C6BC63AD1ECDC49E0021F509 /* Main.storyboard */; };
		C6BC63B11ECDC49E0021F509 /* Assets.xcassets in Resources */ = {isa = PBXBuildFile; fileRef = C6BC63B01ECDC49E0021F509 /* Assets.xcassets */; };
		C6BC63B41ECDC49E0021F509 /* LaunchScreen.storyboard in Resources */ = {isa = PBXBuildFile; fileRef = C6BC63B21ECDC49E0021F509 /* LaunchScreen.storyboard */; };
		C6BC63BC1ECDC5390021F509 /* ServerViewController.swift in Sources */ = {isa = PBXBuildFile; fileRef = C6BC63BB1ECDC5390021F509 /* ServerViewController.swift */; };
		C6BC63BE1ECDC5430021F509 /* ClientViewController.swift in Sources */ = {isa = PBXBuildFile; fileRef = C6BC63BD1ECDC5430021F509 /* ClientViewController.swift */; };
		C6CC8FE120BB2F04006E9827 /* CocoaAsyncSocket.framework in Frameworks */ = {isa = PBXBuildFile; fileRef = C6CC8FE220BB2F04006E9827 /* CocoaAsyncSocket.framework */; };
/* End PBXBuildFile section */

/* Begin PBXFileReference section */
		0F7E885A1D87130F9DB37FCA /* Pods-testSocket.debug.xcconfig */ = {isa = PBXFileReference; includeInIndex = 1; lastKnownFileType = text.xcconfig; name = "Pods-testSocket.debug.xcconfig"; path = "Pods/Target Support Files/Pods-testSocket/Pods-testSocket.debug.xcconfig"; sourceTree = "<group>"; };
		C6BC63A61ECDC49E0021F509 /* testSocket.app */ = {isa = PBXFileReference; explicitFileType = wrapper.application; includeInIndex = 0; path = testSocket.app; sourceTree = BUILT_PRODUCTS_DIR; };
		C6BC63A91ECDC49E0021F509 /* AppDelegate.swift */ = {isa = PBXFileReference; lastKnownFileType = sourcecode.swift; path = AppDelegate.swift; sourceTree = "<group>"; };
		C6BC63AB1ECDC49E0021F509 /* ViewController.swift */ = {isa = PBXFileReference; lastKnownFileType = sourcecode.swift; path = ViewController.swift; sourceTree = "<group>"; };
		C6BC63AE1ECDC49E0021F509 /* Base */ = {isa = PBXFileReference; lastKnownFileType = file.storyboard; name = Base; path = Base.lproj/Main.storyboard; sourceTree = "<group>"; };
		C6BC63B01ECDC49E0021F509 /* Assets.xcassets */ = {isa = PBXFileReference; lastKnownFileType = folder.assetcatalog; path = Assets.xcassets; sourceTree = "<group>"; };
		C6BC63B31ECDC49E0021F509 /* Base */ = {isa = PBXFileReference; lastKnownFileType = file.storyboard; name = Base; path = Base.lproj/LaunchScreen.storyboard; sourceTree = "<group>"; };
		C6BC63B51ECDC49E0021F509 /* Info.plist */ = {isa = PBXFileReference; lastKnownFileType = text.plist.xml; path = Info.plist; sourceTree = "<group>"; };
		C6BC63BB1ECDC5390021F509 /* ServerViewController.swift */ = {isa = PBXFileReference; fileEncoding = 4; lastKnownFileType = sourcecode.swift; path = ServerViewController.swift; sourceTree = "<group>"; };
		C6BC63BD1ECDC5430021F509 /* ClientViewController.swift */ = {isa = PBXFileReference; fileEncoding = 4; lastKnownFileType = sourcecode.swift; path = ClientViewController.swift; sourceTree = "<group>"; };
		C6CC8FE220BB2F04006E9827 /* CocoaAsyncSocket.framework */ = {isa = PBXFileReference; explicitFileType = wrapper.framework; path = CocoaAsyncSocket.framework; sourceTree = BUILT_PRODUCTS_DIR; };
		CDC40B355815AC7E2632D44E /* Pods-testSocket.release.xcconfig */ = {isa = PBXFileReference; includeInIndex = 1; lastKnownFileType = text.xcconfig; name = "Pods-testSocket.release.xcconfig"; path = "Pods/Target Support Files/Pods-testSocket/Pods-testSocket.release.xcconfig"; sourceTree = "<group>"; };
		D3477C826DA18D3764375E57 /* Pods_testSocket.framework */ = {isa = PBXFileReference; explicitFileType = wrapper.framework; includeInIndex = 0; path = Pods_testSocket.framework; sourceTree = BUILT_PRODUCTS_DIR; };
/* End PBXFileReference section */

/* Begin PBXFrameworksBuildPhase section */
		C6BC63A31ECDC49E0021F509 /* Frameworks */ = {
			isa = PBXFrameworksBuildPhase;
			buildActionMask = 2147483647;
			files = (
				C6CC8FE120BB2F04006E9827 /* CocoaAsyncSocket.framework in Frameworks */,
			);
			runOnlyForDeploymentPostprocessing = 0;
		};
/* End PBXFrameworksBuildPhase section */

/* Begin PBXGroup section */
		5D310B7C55899DCD811A0FDE /* Pods */ = {
			isa = PBXGroup;
			children = (
				0F7E885A1D87130F9DB37FCA /* Pods-testSocket.debug.xcconfig */,
				CDC40B355815AC7E2632D44E /* Pods-testSocket.release.xcconfig */,
			);
			name = Pods;
			sourceTree = "<group>";
		};
		8688143AA7DA4AB304FA11A6 /* Frameworks */ = {
			isa = PBXGroup;
			children = (
				C6CC8FE220BB2F04006E9827 /* CocoaAsyncSocket.framework */,
				D3477C826DA18D3764375E57 /* Pods_testSocket.framework */,
			);
			name = Frameworks;
			sourceTree = "<group>";
		};
		C6BC639D1ECDC49E0021F509 = {
			isa = PBXGroup;
			children = (
				C6BC63A81ECDC49E0021F509 /* testSocket */,
				C6BC63A71ECDC49E0021F509 /* Products */,
				5D310B7C55899DCD811A0FDE /* Pods */,
				8688143AA7DA4AB304FA11A6 /* Frameworks */,
			);
			sourceTree = "<group>";
		};
		C6BC63A71ECDC49E0021F509 /* Products */ = {
			isa = PBXGroup;
			children = (
				C6BC63A61ECDC49E0021F509 /* testSocket.app */,
			);
			name = Products;
			sourceTree = "<group>";
		};
		C6BC63A81ECDC49E0021F509 /* testSocket */ = {
			isa = PBXGroup;
			children = (
				C6BC63A91ECDC49E0021F509 /* AppDelegate.swift */,
				C6BC63AB1ECDC49E0021F509 /* ViewController.swift */,
				C6BC63AD1ECDC49E0021F509 /* Main.storyboard */,
				C6BC63BB1ECDC5390021F509 /* ServerViewController.swift */,
				C6BC63BD1ECDC5430021F509 /* ClientViewController.swift */,
				C6BC63B01ECDC49E0021F509 /* Assets.xcassets */,
				C6BC63B21ECDC49E0021F509 /* LaunchScreen.storyboard */,
				C6BC63B51ECDC49E0021F509 /* Info.plist */,
			);
			path = testSocket;
			sourceTree = "<group>";
		};
/* End PBXGroup section */

/* Begin PBXNativeTarget section */
		C6BC63A51ECDC49E0021F509 /* testSocket */ = {
			isa = PBXNativeTarget;
			buildConfigurationList = C6BC63B81ECDC49E0021F509 /* Build configuration list for PBXNativeTarget "testSocket" */;
			buildPhases = (
				CCE5AA404594755765008D29 /* [CP] Check Pods Manifest.lock */,
				C6BC63A21ECDC49E0021F509 /* Sources */,
				C6BC63A31ECDC49E0021F509 /* Frameworks */,
				C6BC63A41ECDC49E0021F509 /* Resources */,
				F865C70557A4D3F1EBFC3139 /* [CP] Embed Pods Frameworks */,
				886566F1732ECBE361013C16 /* [CP] Copy Pods Resources */,
			);
			buildRules = (
			);
			dependencies = (
			);
			name = testSocket;
			productName = testSocket;
			productReference = C6BC63A61ECDC49E0021F509 /* testSocket.app */;
			productType = "com.apple.product-type.application";
		};
/* End PBXNativeTarget section */

/* Begin PBXProject section */
		C6BC639E1ECDC49E0021F509 /* Project object */ = {
			isa = PBXProject;
			attributes = {
				LastSwiftUpdateCheck = 0820;
				LastUpgradeCheck = 0820;
				ORGANIZATIONNAME = iirlab;
				TargetAttributes = {
					C6BC63A51ECDC49E0021F509 = {
						CreatedOnToolsVersion = 8.2.1;
						DevelopmentTeam = 9KB772ULPQ;
						ProvisioningStyle = Automatic;
					};
				};
			};
			buildConfigurationList = C6BC63A11ECDC49E0021F509 /* Build configuration list for PBXProject "testSocket" */;
			compatibilityVersion = "Xcode 3.2";
			developmentRegion = English;
			hasScannedForEncodings = 0;
			knownRegions = (
				en,
				Base,
			);
			mainGroup = C6BC639D1ECDC49E0021F509;
			productRefGroup = C6BC63A71ECDC49E0021F509 /* Products */;
			projectDirPath = "";
			projectRoot = "";
			targets = (
				C6BC63A51ECDC49E0021F509 /* testSocket */,
			);
		};
/* End PBXProject section */

/* Begin PBXResourcesBuildPhase section */
		C6BC63A41ECDC49E0021F509 /* Resources */ = {
			isa = PBXResourcesBuildPhase;
			buildActionMask = 2147483647;
			files = (
				C6BC63B41ECDC49E0021F509 /* LaunchScreen.storyboard in Resources */,
				C6BC63B11ECDC49E0021F509 /* Assets.xcassets in Resources */,
				C6BC63AF1ECDC49E0021F509 /* Main.storyboard in Resources */,
			);
			runOnlyForDeploymentPostprocessing = 0;
		};
/* End PBXResourcesBuildPhase section */

/* Begin PBXShellScriptBuildPhase section */
		886566F1732ECBE361013C16 /* [CP] Copy Pods Resources */ = {
			isa = PBXShellScriptBuildPhase;
			buildActionMask = 2147483647;
			files = (
			);
			inputPaths = (
			);
			name = "[CP] Copy Pods Resources";
			outputPaths = (
			);
			runOnlyForDeploymentPostprocessing = 0;
			shellPath = /bin/sh;
			shellScript = "\"${SRCROOT}/Pods/Target Support Files/Pods-testSocket/Pods-testSocket-resources.sh\"\n";
			showEnvVarsInLog = 0;
		};
		CCE5AA404594755765008D29 /* [CP] Check Pods Manifest.lock */ = {
			isa = PBXShellScriptBuildPhase;
			buildActionMask = 2147483647;
			files = (
			);
			inputPaths = (
			);
			name = "[CP] Check Pods Manifest.lock";
			outputPaths = (
			);
			runOnlyForDeploymentPostprocessing = 0;
			shellPath = /bin/sh;
			shellScript = "diff \"${PODS_ROOT}/../Podfile.lock\" \"${PODS_ROOT}/Manifest.lock\" > /dev/null\nif [ $? != 0 ] ; then\n    # print error to STDERR\n    echo \"error: The sandbox is not in sync with the Podfile.lock. Run 'pod install' or update your CocoaPods installation.\" >&2\n    exit 1\nfi\n";
			showEnvVarsInLog = 0;
		};
		F865C70557A4D3F1EBFC3139 /* [CP] Embed Pods Frameworks */ = {
			isa = PBXShellScriptBuildPhase;
			buildActionMask = 2147483647;
			files = (
			);
			inputPaths = (
			);
			name = "[CP] Embed Pods Frameworks";
			outputPaths = (
			);
			runOnlyForDeploymentPostprocessing = 0;
			shellPath = /bin/sh;
			shellScript = "\"${SRCROOT}/Pods/Target Support Files/Pods-testSocket/Pods-testSocket-frameworks.sh\"\n";
			showEnvVarsInLog = 0;
		};
/* End PBXShellScriptBuildPhase section */

/* Begin PBXSourcesBuildPhase section */
		C6BC63A21ECDC49E0021F509 /* Sources */ = {
			isa = PBXSourcesBuildPhase;
			buildActionMask = 2147483647;
			files = (
				C6BC63BC1ECDC5390021F509 /* ServerViewController.swift in Sources */,
				C6BC63AC1ECDC49E0021F509 /* ViewController.swift in Sources */,
				C6BC63AA1ECDC49E0021F509 /* AppDelegate.swift in Sources */,
				C6BC63BE1ECDC5430021F509 /* ClientViewController.swift in Sources */,
			);
			runOnlyForDeploymentPostprocessing = 0;
		};
/* End PBXSourcesBuildPhase section */

/* Begin PBXVariantGroup section */
		C6BC63AD1ECDC49E0021F509 /* Main.storyboard */ = {
			isa = PBXVariantGroup;
			children = (
				C6BC63AE1ECDC49E0021F509 /* Base */,
			);
			name = Main.storyboard;
			sourceTree = "<group>";
		};
		C6BC63B21ECDC49E0021F509 /* LaunchScreen.storyboard */ = {
			isa = PBXVariantGroup;
			children = (
				C6BC63B31ECDC49E0021F509 /* Base */,
			);
			name = LaunchScreen.storyboard;
			sourceTree = "<group>";
		};
/* End PBXVariantGroup section */

/* Begin XCBuildConfiguration section */
		C6BC63B61ECDC49E0021F509 /* Debug */ = {
			isa = XCBuildConfiguration;
			buildSettings = {
				ALWAYS_SEARCH_USER_PATHS = NO;
				CLANG_ANALYZER_NONNULL = YES;
				CLANG_CXX_LANGUAGE_STANDARD = "gnu++0x";
				CLANG_CXX_LIBRARY = "libc++";
				CLANG_ENABLE_MODULES = YES;
				CLANG_ENABLE_OBJC_ARC = YES;
				CLANG_WARN_BOOL_CONVERSION = YES;
				CLANG_WARN_CONSTANT_CONVERSION = YES;
				CLANG_WARN_DIRECT_OBJC_ISA_USAGE = YES_ERROR;
				CLANG_WARN_DOCUMENTATION_COMMENTS = YES;
				CLANG_WARN_EMPTY_BODY = YES;
				CLANG_WARN_ENUM_CONVERSION = YES;
				CLANG_WARN_INFINITE_RECURSION = YES;
				CLANG_WARN_INT_CONVERSION = YES;
				CLANG_WARN_OBJC_ROOT_CLASS = YES_ERROR;
				CLANG_WARN_SUSPICIOUS_MOVE = YES;
				CLANG_WARN_UNREACHABLE_CODE = YES;
				CLANG_WARN__DUPLICATE_METHOD_MATCH = YES;
				"CODE_SIGN_IDENTITY[sdk=iphoneos*]" = "iPhone Developer";
				COPY_PHASE_STRIP = NO;
				DEBUG_INFORMATION_FORMAT = dwarf;
				ENABLE_STRICT_OBJC_MSGSEND = YES;
				ENABLE_TESTABILITY = YES;
				GCC_C_LANGUAGE_STANDARD = gnu99;
				GCC_DYNAMIC_NO_PIC = NO;
				GCC_NO_COMMON_BLOCKS = YES;
				GCC_OPTIMIZATION_LEVEL = 0;
				GCC_PREPROCESSOR_DEFINITIONS = (
					"DEBUG=1",
					"$(inherited)",
				);
				GCC_WARN_64_TO_32_BIT_CONVERSION = YES;
				GCC_WARN_ABOUT_RETURN_TYPE = YES_ERROR;
				GCC_WARN_UNDECLARED_SELECTOR = YES;
				GCC_WARN_UNINITIALIZED_AUTOS = YES_AGGRESSIVE;
				GCC_WARN_UNUSED_FUNCTION = YES;
				GCC_WARN_UNUSED_VARIABLE = YES;
				IPHONEOS_DEPLOYMENT_TARGET = 10.2;
				MTL_ENABLE_DEBUG_INFO = YES;
				ONLY_ACTIVE_ARCH = YES;
				SDKROOT = iphoneos;
				SWIFT_ACTIVE_COMPILATION_CONDITIONS = DEBUG;
				SWIFT_OPTIMIZATION_LEVEL = "-Onone";
				TARGETED_DEVICE_FAMILY = "1,2";
			};
			name = Debug;
		};
		C6BC63B71ECDC49E0021F509 /* Release */ = {
			isa = XCBuildConfiguration;
			buildSettings = {
				ALWAYS_SEARCH_USER_PATHS = NO;
				CLANG_ANALYZER_NONNULL = YES;
				CLANG_CXX_LANGUAGE_STANDARD = "gnu++0x";
				CLANG_CXX_LIBRARY = "libc++";
				CLANG_ENABLE_MODULES = YES;
				CLANG_ENABLE_OBJC_ARC = YES;
				CLANG_WARN_BOOL_CONVERSION = YES;
				CLANG_WARN_CONSTANT_CONVERSION = YES;
				CLANG_WARN_DIRECT_OBJC_ISA_USAGE = YES_ERROR;
				CLANG_WARN_DOCUMENTATION_COMMENTS = YES;
				CLANG_WARN_EMPTY_BODY = YES;
				CLANG_WARN_ENUM_CONVERSION = YES;
				CLANG_WARN_INFINITE_RECURSION = YES;
				CLANG_WARN_INT_CONVERSION = YES;
				CLANG_WARN_OBJC_ROOT_CLASS = YES_ERROR;
				CLANG_WARN_SUSPICIOUS_MOVE = YES;
				CLANG_WARN_UNREACHABLE_CODE = YES;
				CLANG_WARN__DUPLICATE_METHOD_MATCH = YES;
				"CODE_SIGN_IDENTITY[sdk=iphoneos*]" = "iPhone Developer";
				COPY_PHASE_STRIP = NO;
				DEBUG_INFORMATION_FORMAT = "dwarf-with-dsym";
				ENABLE_NS_ASSERTIONS = NO;
				ENABLE_STRICT_OBJC_MSGSEND = YES;
				GCC_C_LANGUAGE_STANDARD = gnu99;
				GCC_NO_COMMON_BLOCKS = YES;
				GCC_WARN_64_TO_32_BIT_CONVERSION = YES;
				GCC_WARN_ABOUT_RETURN_TYPE = YES_ERROR;
				GCC_WARN_UNDECLARED_SELECTOR = YES;
				GCC_WARN_UNINITIALIZED_AUTOS = YES_AGGRESSIVE;
				GCC_WARN_UNUSED_FUNCTION = YES;
				GCC_WARN_UNUSED_VARIABLE = YES;
				IPHONEOS_DEPLOYMENT_TARGET = 10.2;
				MTL_ENABLE_DEBUG_INFO = NO;
				SDKROOT = iphoneos;
				SWIFT_OPTIMIZATION_LEVEL = "-Owholemodule";
				TARGETED_DEVICE_FAMILY = "1,2";
				VALIDATE_PRODUCT = YES;
			};
			name = Release;
		};
		C6BC63B91ECDC49E0021F509 /* Debug */ = {
			isa = XCBuildConfiguration;
			baseConfigurationReference = 0F7E885A1D87130F9DB37FCA /* Pods-testSocket.debug.xcconfig */;
			buildSettings = {
				ASSETCATALOG_COMPILER_APPICON_NAME = AppIcon;
				DEVELOPMENT_TEAM = 9KB772ULPQ;
				INFOPLIST_FILE = testSocket/Info.plist;
				LD_RUNPATH_SEARCH_PATHS = "$(inherited) @executable_path/Frameworks";
				PRODUCT_BUNDLE_IDENTIFIER = com.iirlab.testSocket;
				PRODUCT_NAME = "$(TARGET_NAME)";
				SWIFT_VERSION = 3.0;
			};
			name = Debug;
		};
		C6BC63BA1ECDC49E0021F509 /* Release */ = {
			isa = XCBuildConfiguration;
			baseConfigurationReference = CDC40B355815AC7E2632D44E /* Pods-testSocket.release.xcconfig */;
			buildSettings = {
				ASSETCATALOG_COMPILER_APPICON_NAME = AppIcon;
				DEVELOPMENT_TEAM = 9KB772ULPQ;
				INFOPLIST_FILE = testSocket/Info.plist;
				LD_RUNPATH_SEARCH_PATHS = "$(inherited) @executable_path/Frameworks";
				PRODUCT_BUNDLE_IDENTIFIER = com.iirlab.testSocket;
				PRODUCT_NAME = "$(TARGET_NAME)";
				SWIFT_VERSION = 3.0;
			};
			name = Release;
		};
/* End XCBuildConfiguration section */

/* Begin XCConfigurationList section */
		C6BC63A11ECDC49E0021F509 /* Build configuration list for PBXProject "testSocket" */ = {
			isa = XCConfigurationList;
			buildConfigurations = (
				C6BC63B61ECDC49E0021F509 /* Debug */,
				C6BC63B71ECDC49E0021F509 /* Release */,
			);
			defaultConfigurationIsVisible = 0;
			defaultConfigurationName = Release;
		};
		C6BC63B81ECDC49E0021F509 /* Build configuration list for PBXNativeTarget "testSocket" */ = {
			isa = XCConfigurationList;
			buildConfigurations = (
				C6BC63B91ECDC49E0021F509 /* Debug */,
				C6BC63BA1ECDC49E0021F509 /* Release */,
			);
			defaultConfigurationIsVisible = 0;
			defaultConfigurationName = Release;
		};
/* End XCConfigurationList section */
	};
	rootObject = C6BC639E1ECDC49E0021F509 /* Project object */;
}
